// !$*UTF8*$!
{
	archiveVersion = 1;
	classes = {
	};
	objectVersion = 56;
	objects = {

/* Begin PBXBuildFile section */
		B10000000000000000000021 /* CaretApp.swift in Sources */ = {isa = PBXBuildFile; fileRef = B10000000000000000000011 /* CaretApp.swift */; };
		B10000000000000000000022 /* AXHelpers.swift in Sources */ = {isa = PBXBuildFile; fileRef = B10000000000000000000012 /* AXHelpers.swift */; };
		B10000000000000000000023 /* HotKeyManager.swift in Sources */ = {isa = PBXBuildFile; fileRef = B10000000000000000000013 /* HotKeyManager.swift */; };
		B10000000000000000000024 /* PermissionView.swift in Sources */ = {isa = PBXBuildFile; fileRef = B10000000000000000000014 /* PermissionView.swift */; };
		B10000000000000000000025 /* SelectionMonitor.swift in Sources */ = {isa = PBXBuildFile; fileRef = B10000000000000000000015 /* SelectionMonitor.swift */; };
		B10000000000000000000026 /* StatusBarController.swift in Sources */ = {isa = PBXBuildFile; fileRef = B10000000000000000000016 /* StatusBarController.swift */; };
		B10000000000000000000027 /* TriggerButton.swift in Sources */ = {isa = PBXBuildFile; fileRef = B10000000000000000000017 /* TriggerButton.swift */; };
		B1000000000000000000002B /* AccessibilityTrust.swift in Sources */ = {isa = PBXBuildFile; fileRef = B1000000000000000000001C /* AccessibilityTrust.swift */; };
		B1000000000000000000002C /* PinnedActionsStore.swift in Sources */ = {isa = PBXBuildFile; fileRef = B1000000000000000000001D /* PinnedActionsStore.swift */; };
		B1000000000000000000003A /* SkillRepository.swift in Sources */ = {isa = PBXBuildFile; fileRef = B10000000000000000000020 /* SkillRepository.swift */; };
		B1000000000000000000003B /* ModifierChordState.swift in Sources */ = {isa = PBXBuildFile; fileRef = B1000000000000000000003C /* ModifierChordState.swift */; };
		B1000000000000000000003E /* CaretSettingsView.swift in Sources */ = {isa = PBXBuildFile; fileRef = B1000000000000000000003D /* CaretSettingsView.swift */; };
		B1000000000000000000003F /* MemoryRepository.swift in Sources */ = {isa = PBXBuildFile; fileRef = B10000000000000000000040 /* MemoryRepository.swift */; };
		B10000000000000000000041 /* CaretNote.swift in Sources */ = {isa = PBXBuildFile; fileRef = B10000000000000000000042 /* CaretNote.swift */; };
		B10000000000000000000051 /* ScreenpipeSupervisor.swift in Sources */ = {isa = PBXBuildFile; fileRef = B10000000000000000000050 /* ScreenpipeSupervisor.swift */; };
		B10000000000000000000052 /* ScreenpipeSupervisor.swift in Sources */ = {isa = PBXBuildFile; fileRef = B10000000000000000000050 /* ScreenpipeSupervisor.swift */; };
		B10000000000000000000054 /* ScreenpipeSupervisorTests.swift in Sources */ = {isa = PBXBuildFile; fileRef = B10000000000000000000053 /* ScreenpipeSupervisorTests.swift */; };
		B10000000000000000000043 /* CaretPaths.swift in Sources */ = {isa = PBXBuildFile; fileRef = B10000000000000000000044 /* CaretPaths.swift */; };
		B10000000000000000000045 /* InstalledApps.swift in Sources */ = {isa = PBXBuildFile; fileRef = B10000000000000000000046 /* InstalledApps.swift */; };
		B10000000000000000000047 /* AppReferenceIcon.swift in Sources */ = {isa = PBXBuildFile; fileRef = B10000000000000000000048 /* AppReferenceIcon.swift */; };
		B1000000000000000000002D /* PinnedActionsStore.swift in Sources */ = {isa = PBXBuildFile; fileRef = B1000000000000000000001D /* PinnedActionsStore.swift */; };
		B1000000000000000000002E /* PinnedActionsStoreTests.swift in Sources */ = {isa = PBXBuildFile; fileRef = B1000000000000000000001E /* PinnedActionsStoreTests.swift */; };
		B10000000000000000000028 /* Assets.xcassets in Resources */ = {isa = PBXBuildFile; fileRef = B10000000000000000000018 /* Assets.xcassets */; };
		B1000000000000000000002A /* ApplicationServices.framework in Frameworks */ = {isa = PBXBuildFile; fileRef = B1000000000000000000001A /* ApplicationServices.framework */; };
/* End PBXBuildFile section */

/* Begin PBXContainerItemProxy section */
		B10000000000000000000032 /* PBXContainerItemProxy */ = {
			isa = PBXContainerItemProxy;
			containerPortal = B10000000000000000000001 /* Project object */;
			proxyType = 1;
			remoteGlobalIDString = B10000000000000000000002;
			remoteInfo = Caret;
		};
/* End PBXContainerItemProxy section */

/* Begin PBXFileReference section */
		B1000000000000000000000F /* Caret.app */ = {isa = PBXFileReference; explicitFileType = wrapper.application; includeInIndex = 0; path = Caret.app; sourceTree = BUILT_PRODUCTS_DIR; };
		B10000000000000000000011 /* CaretApp.swift */ = {isa = PBXFileReference; lastKnownFileType = sourcecode.swift; path = CaretApp.swift; sourceTree = "<group>"; };
		B10000000000000000000012 /* AXHelpers.swift */ = {isa = PBXFileReference; lastKnownFileType = sourcecode.swift; path = AXHelpers.swift; sourceTree = "<group>"; };
		B10000000000000000000013 /* HotKeyManager.swift */ = {isa = PBXFileReference; lastKnownFileType = sourcecode.swift; path = HotKeyManager.swift; sourceTree = "<group>"; };
		B10000000000000000000014 /* PermissionView.swift */ = {isa = PBXFileReference; lastKnownFileType = sourcecode.swift; path = PermissionView.swift; sourceTree = "<group>"; };
		B10000000000000000000015 /* SelectionMonitor.swift */ = {isa = PBXFileReference; lastKnownFileType = sourcecode.swift; path = SelectionMonitor.swift; sourceTree = "<group>"; };
		B10000000000000000000016 /* StatusBarController.swift */ = {isa = PBXFileReference; lastKnownFileType = sourcecode.swift; path = StatusBarController.swift; sourceTree = "<group>"; };
		B10000000000000000000017 /* TriggerButton.swift */ = {isa = PBXFileReference; lastKnownFileType = sourcecode.swift; path = TriggerButton.swift; sourceTree = "<group>"; };
		B1000000000000000000001C /* AccessibilityTrust.swift */ = {isa = PBXFileReference; lastKnownFileType = sourcecode.swift; path = AccessibilityTrust.swift; sourceTree = "<group>"; };
		B1000000000000000000001D /* PinnedActionsStore.swift */ = {isa = PBXFileReference; lastKnownFileType = sourcecode.swift; path = PinnedActionsStore.swift; sourceTree = "<group>"; };
		B10000000000000000000020 /* SkillRepository.swift */ = {isa = PBXFileReference; lastKnownFileType = sourcecode.swift; path = SkillRepository.swift; sourceTree = "<group>"; };
		B1000000000000000000003C /* ModifierChordState.swift */ = {isa = PBXFileReference; lastKnownFileType = sourcecode.swift; path = ModifierChordState.swift; sourceTree = "<group>"; };
		B1000000000000000000003D /* CaretSettingsView.swift */ = {isa = PBXFileReference; lastKnownFileType = sourcecode.swift; path = CaretSettingsView.swift; sourceTree = "<group>"; };
		B10000000000000000000040 /* MemoryRepository.swift */ = {isa = PBXFileReference; lastKnownFileType = sourcecode.swift; path = MemoryRepository.swift; sourceTree = "<group>"; };
		B10000000000000000000042 /* CaretNote.swift */ = {isa = PBXFileReference; lastKnownFileType = sourcecode.swift; path = CaretNote.swift; sourceTree = "<group>"; };
		B10000000000000000000050 /* ScreenpipeSupervisor.swift */ = {isa = PBXFileReference; lastKnownFileType = sourcecode.swift; path = ScreenpipeSupervisor.swift; sourceTree = "<group>"; };
		B10000000000000000000053 /* ScreenpipeSupervisorTests.swift */ = {isa = PBXFileReference; lastKnownFileType = sourcecode.swift; path = ScreenpipeSupervisorTests.swift; sourceTree = "<group>"; };
		B10000000000000000000044 /* CaretPaths.swift */ = {isa = PBXFileReference; lastKnownFileType = sourcecode.swift; path = CaretPaths.swift; sourceTree = "<group>"; };
		B10000000000000000000046 /* InstalledApps.swift */ = {isa = PBXFileReference; lastKnownFileType = sourcecode.swift; path = InstalledApps.swift; sourceTree = "<group>"; };
		B10000000000000000000048 /* AppReferenceIcon.swift */ = {isa = PBXFileReference; lastKnownFileType = sourcecode.swift; path = AppReferenceIcon.swift; sourceTree = "<group>"; };
		B1000000000000000000001E /* PinnedActionsStoreTests.swift */ = {isa = PBXFileReference; lastKnownFileType = sourcecode.swift; path = PinnedActionsStoreTests.swift; sourceTree = "<group>"; };
		B1000000000000000000001F /* CaretTests.xctest */ = {isa = PBXFileReference; explicitFileType = wrapper.cfbundle; includeInIndex = 0; path = CaretTests.xctest; sourceTree = BUILT_PRODUCTS_DIR; };
		B10000000000000000000018 /* Assets.xcassets */ = {isa = PBXFileReference; lastKnownFileType = folder.assetcatalog; path = Assets.xcassets; sourceTree = "<group>"; };
		B1000000000000000000001A /* ApplicationServices.framework */ = {isa = PBXFileReference; lastKnownFileType = wrapper.framework; name = ApplicationServices.framework; path = System/Library/Frameworks/ApplicationServices.framework; sourceTree = SDKROOT; };
/* End PBXFileReference section */

/* Begin PBXFrameworksBuildPhase section */
		B10000000000000000000005 /* Frameworks */ = {
			isa = PBXFrameworksBuildPhase;
			buildActionMask = 2147483647;
			files = (
				B1000000000000000000002A /* ApplicationServices.framework in Frameworks */,
			);
			runOnlyForDeploymentPostprocessing = 0;
		};
/* End PBXFrameworksBuildPhase section */

/* Begin PBXFrameworksBuildPhase section */
		B10000000000000000000035 /* Frameworks */ = {
			isa = PBXFrameworksBuildPhase;
			buildActionMask = 2147483647;
			files = (
			);
			runOnlyForDeploymentPostprocessing = 0;
		};
/* End PBXFrameworksBuildPhase section */

/* Begin PBXGroup section */
		B1000000000000000000000C = {
			isa = PBXGroup;
			children = (
				B1000000000000000000000E /* Caret */,
				B10000000000000000000033 /* CaretTests */,
				B1000000000000000000001B /* Frameworks */,
				B1000000000000000000000D /* Products */,
			);
			sourceTree = "<group>";
		};
		B1000000000000000000000D /* Products */ = {
			isa = PBXGroup;
			children = (
				B1000000000000000000000F /* Caret.app */,
				B1000000000000000000001F /* CaretTests.xctest */,
			);
			name = Products;
			sourceTree = "<group>";
		};
		B1000000000000000000000E /* Caret */ = {
			isa = PBXGroup;
			children = (
				B10000000000000000000011 /* CaretApp.swift */,
				B10000000000000000000012 /* AXHelpers.swift */,
				B10000000000000000000013 /* HotKeyManager.swift */,
				B10000000000000000000014 /* PermissionView.swift */,
				B10000000000000000000015 /* SelectionMonitor.swift */,
				B10000000000000000000016 /* StatusBarController.swift */,
				B10000000000000000000017 /* TriggerButton.swift */,
				B1000000000000000000001C /* AccessibilityTrust.swift */,
				B1000000000000000000001D /* PinnedActionsStore.swift */,
				B10000000000000000000020 /* SkillRepository.swift */,
				B1000000000000000000003C /* ModifierChordState.swift */,
				B1000000000000000000003D /* CaretSettingsView.swift */,
				B10000000000000000000040 /* MemoryRepository.swift */,
				B10000000000000000000042 /* CaretNote.swift */,
				B10000000000000000000050 /* ScreenpipeSupervisor.swift */,
				B10000000000000000000044 /* CaretPaths.swift */,
				B10000000000000000000046 /* InstalledApps.swift */,
				B10000000000000000000048 /* AppReferenceIcon.swift */,
				B10000000000000000000018 /* Assets.xcassets */,
			);
			name = Caret;
			path = apps/mac/Sources/Caret;
			sourceTree = "<group>";
		};
		B1000000000000000000001B /* Frameworks */ = {
			isa = PBXGroup;
			children = (
				B1000000000000000000001A /* ApplicationServices.framework */,
			);
			name = Frameworks;
			sourceTree = "<group>";
		};
		B10000000000000000000033 /* CaretTests */ = {
			isa = PBXGroup;
			children = (
				B1000000000000000000001E /* PinnedActionsStoreTests.swift */,
				B10000000000000000000053 /* ScreenpipeSupervisorTests.swift */,
			);
			name = CaretTests;
			path = apps/mac/Tests;
			sourceTree = "<group>";
		};
/* End PBXGroup section */

/* Begin PBXNativeTarget section */
		B10000000000000000000031 /* CaretTests */ = {
			isa = PBXNativeTarget;
			buildConfigurationList = B10000000000000000000037 /* Build configuration list for PBXNativeTarget "CaretTests" */;
			buildPhases = (
				B10000000000000000000034 /* Sources */,
				B10000000000000000000035 /* Frameworks */,
				B10000000000000000000036 /* Resources */,
			);
			buildRules = (
			);
			dependencies = (
				B10000000000000000000030 /* PBXTargetDependency */,
			);
			name = CaretTests;
			productName = CaretTests;
			productReference = B1000000000000000000001F /* CaretTests.xctest */;
			productType = "com.apple.product-type.bundle.unit-test";
		};
		B10000000000000000000002 /* Caret */ = {
			isa = PBXNativeTarget;
			buildConfigurationList = B10000000000000000000007 /* Build configuration list for PBXNativeTarget "Caret" */;
			buildPhases = (
				B10000000000000000000003 /* Sources */,
				B10000000000000000000005 /* Frameworks */,
				B10000000000000000000004 /* Resources */,
			);
			buildRules = (
			);
			dependencies = (
			);
			name = Caret;
			productName = Caret;
			productReference = B1000000000000000000000F /* Caret.app */;
			productType = "com.apple.product-type.application";
		};
/* End PBXNativeTarget section */

/* Begin PBXResourcesBuildPhase section */
		B10000000000000000000036 /* Resources */ = {
			isa = PBXResourcesBuildPhase;
			buildActionMask = 2147483647;
			files = (
			);
			runOnlyForDeploymentPostprocessing = 0;
		};
/* End PBXResourcesBuildPhase section */

/* Begin PBXSourcesBuildPhase section */
		B10000000000000000000034 /* Sources */ = {
			isa = PBXSourcesBuildPhase;
			buildActionMask = 2147483647;
			files = (
				B1000000000000000000002E /* PinnedActionsStoreTests.swift in Sources */,
				B1000000000000000000002D /* PinnedActionsStore.swift in Sources */,
				B10000000000000000000052 /* ScreenpipeSupervisor.swift in Sources */,
				B10000000000000000000054 /* ScreenpipeSupervisorTests.swift in Sources */,
			);
			runOnlyForDeploymentPostprocessing = 0;
		};
/* End PBXSourcesBuildPhase section */

/* Begin PBXTargetDependency section */
		B10000000000000000000030 /* PBXTargetDependency */ = {
			isa = PBXTargetDependency;
			target = B10000000000000000000002 /* Caret */;
			targetProxy = B10000000000000000000032 /* PBXContainerItemProxy */;
		};
/* End PBXTargetDependency section */

/* Begin PBXProject section */
		B10000000000000000000001 /* Project object */ = {
			isa = PBXProject;
			attributes = {
				BuildIndependentTargetsInParallel = 1;
				LastSwiftUpdateCheck = 1600;
				LastUpgradeCheck = 1600;
				TargetAttributes = {
					B10000000000000000000002 = {
						CreatedOnToolsVersion = 16.0;
					};
				};
			};
			buildConfigurationList = B10000000000000000000006 /* Build configuration list for PBXProject "Caret" */;
			compatibilityVersion = "Xcode 14.0";
			developmentRegion = en;
			hasScannedForEncodings = 0;
			knownRegions = (
				en,
				Base,
			);
			mainGroup = B1000000000000000000000C;
			productRefGroup = B1000000000000000000000D /* Products */;
			projectDirPath = "";
			projectRoot = "";
			targets = (
				B10000000000000000000002 /* Caret */,
				B10000000000000000000031 /* CaretTests */,
			);
		};
/* End PBXProject section */

/* Begin PBXResourcesBuildPhase section */
		B10000000000000000000004 /* Resources */ = {
			isa = PBXResourcesBuildPhase;
			buildActionMask = 2147483647;
			files = (
				B10000000000000000000028 /* Assets.xcassets in Resources */,
			);
			runOnlyForDeploymentPostprocessing = 0;
		};
/* End PBXResourcesBuildPhase section */

/* Begin PBXSourcesBuildPhase section */
		B10000000000000000000003 /* Sources */ = {
			isa = PBXSourcesBuildPhase;
			buildActionMask = 2147483647;
			files = (
				B10000000000000000000021 /* CaretApp.swift in Sources */,
				B10000000000000000000022 /* AXHelpers.swift in Sources */,
				B10000000000000000000023 /* HotKeyManager.swift in Sources */,
				B10000000000000000000024 /* PermissionView.swift in Sources */,
				B10000000000000000000025 /* SelectionMonitor.swift in Sources */,
				B10000000000000000000026 /* StatusBarController.swift in Sources */,
				B10000000000000000000027 /* TriggerButton.swift in Sources */,
				B1000000000000000000002B /* AccessibilityTrust.swift in Sources */,
				B1000000000000000000002C /* PinnedActionsStore.swift in Sources */,
				B1000000000000000000003A /* SkillRepository.swift in Sources */,
				B1000000000000000000003B /* ModifierChordState.swift in Sources */,
				B1000000000000000000003E /* CaretSettingsView.swift in Sources */,
				B1000000000000000000003F /* MemoryRepository.swift in Sources */,
				B10000000000000000000041 /* CaretNote.swift in Sources */,
				B10000000000000000000051 /* ScreenpipeSupervisor.swift in Sources */,
				B10000000000000000000043 /* CaretPaths.swift in Sources */,
				B10000000000000000000045 /* InstalledApps.swift in Sources */,
				B10000000000000000000047 /* AppReferenceIcon.swift in Sources */,
			);
			runOnlyForDeploymentPostprocessing = 0;
		};
/* End PBXSourcesBuildPhase section */

/* Begin XCBuildConfiguration section */
		B10000000000000000000008 /* Debug */ = {
			isa = XCBuildConfiguration;
			buildSettings = {
				ALWAYS_SEARCH_USER_PATHS = NO;
				CLANG_ENABLE_MODULES = YES;
				CLANG_ENABLE_OBJC_ARC = YES;
				COPY_PHASE_STRIP = NO;
				DEBUG_INFORMATION_FORMAT = dwarf;
				ENABLE_TESTABILITY = YES;
				GCC_DYNAMIC_NO_PIC = NO;
				GCC_OPTIMIZATION_LEVEL = 0;
				MACOSX_DEPLOYMENT_TARGET = 14.0;
				ONLY_ACTIVE_ARCH = YES;
				SDKROOT = macosx;
				SWIFT_ACTIVE_COMPILATION_CONDITIONS = DEBUG;
				SWIFT_OPTIMIZATION_LEVEL = "-Onone";
			};
			name = Debug;
		};
		B10000000000000000000009 /* Release */ = {
			isa = XCBuildConfiguration;
			buildSettings = {
				ALWAYS_SEARCH_USER_PATHS = NO;
				CLANG_ENABLE_MODULES = YES;
				CLANG_ENABLE_OBJC_ARC = YES;
				COPY_PHASE_STRIP = NO;
				DEBUG_INFORMATION_FORMAT = "dwarf-with-dsym";
				MACOSX_DEPLOYMENT_TARGET = 14.0;
				SDKROOT = macosx;
				SWIFT_COMPILATION_MODE = wholemodule;
			};
			name = Release;
		};
		B1000000000000000000000A /* Debug */ = {
			isa = XCBuildConfiguration;
			buildSettings = {
				ASSETCATALOG_COMPILER_APPICON_NAME = AppIcon;
				CODE_SIGN_IDENTITY = "-";
				CODE_SIGN_STYLE = Manual;
				COMBINE_HIDPI_IMAGES = YES;
				CONFIGURATION_BUILD_DIR = "$(SRCROOT)/.local/build/$(CONFIGURATION)";
				CURRENT_PROJECT_VERSION = 1;
				ENABLE_HARDENED_RUNTIME = NO;
				GENERATE_INFOPLIST_FILE = YES;
				INFOPLIST_KEY_CFBundleDisplayName = Caret;
				INFOPLIST_KEY_LSApplicationCategoryType = "public.app-category.utilities";
				INFOPLIST_KEY_LSUIElement = YES;
				INFOPLIST_KEY_NSHighResolutionCapable = YES;
				INFOPLIST_KEY_CaretProjectRoot = "$(SRCROOT)";
				LD_RUNPATH_SEARCH_PATHS = (
					"$(inherited)",
					"@executable_path/../Frameworks",
				);
				MACOSX_DEPLOYMENT_TARGET = 14.0;
				MARKETING_VERSION = 0.1.0;
				PRODUCT_BUNDLE_IDENTIFIER = dev.caret.hackathon;
				PRODUCT_NAME = Caret;
				SYMROOT = "$(SRCROOT)/.local/build";
				SWIFT_EMIT_LOC_STRINGS = YES;
				SWIFT_VERSION = 5.0;
			};
			name = Debug;
		};
		B1000000000000000000000B /* Release */ = {
			isa = XCBuildConfiguration;
			buildSettings = {
				ASSETCATALOG_COMPILER_APPICON_NAME = AppIcon;
				CODE_SIGN_IDENTITY = "-";
				CODE_SIGN_STYLE = Manual;
				COMBINE_HIDPI_IMAGES = YES;
				CONFIGURATION_BUILD_DIR = "$(SRCROOT)/.local/build/$(CONFIGURATION)";
				CURRENT_PROJECT_VERSION = 1;
				ENABLE_HARDENED_RUNTIME = NO;
				GENERATE_INFOPLIST_FILE = YES;
				INFOPLIST_KEY_CFBundleDisplayName = Caret;
				INFOPLIST_KEY_LSApplicationCategoryType = "public.app-category.utilities";
				INFOPLIST_KEY_LSUIElement = YES;
				INFOPLIST_KEY_NSHighResolutionCapable = YES;
				INFOPLIST_KEY_CaretProjectRoot = "$(SRCROOT)";
				LD_RUNPATH_SEARCH_PATHS = (
					"$(inherited)",
					"@executable_path/../Frameworks",
				);
				MACOSX_DEPLOYMENT_TARGET = 14.0;
				MARKETING_VERSION = 0.1.0;
				PRODUCT_BUNDLE_IDENTIFIER = dev.caret.hackathon;
				PRODUCT_NAME = Caret;
				SYMROOT = "$(SRCROOT)/.local/build";
				SWIFT_EMIT_LOC_STRINGS = YES;
				SWIFT_VERSION = 5.0;
			};
			name = Release;
		};
		B10000000000000000000038 /* Debug */ = {
			isa = XCBuildConfiguration;
			buildSettings = {
				CODE_SIGN_IDENTITY = "-";
				CODE_SIGN_STYLE = Manual;
				CONFIGURATION_BUILD_DIR = "$(SRCROOT)/.local/build/$(CONFIGURATION)";
				CURRENT_PROJECT_VERSION = 1;
				GENERATE_INFOPLIST_FILE = YES;
				MACOSX_DEPLOYMENT_TARGET = 14.0;
				MARKETING_VERSION = 0.1.0;
				PRODUCT_BUNDLE_IDENTIFIER = dev.caret.hackathon.tests;
				PRODUCT_NAME = "$(TARGET_NAME)";
				SWIFT_VERSION = 5.0;
			};
			name = Debug;
		};
		B10000000000000000000039 /* Release */ = {
			isa = XCBuildConfiguration;
			buildSettings = {
				CODE_SIGN_IDENTITY = "-";
				CODE_SIGN_STYLE = Manual;
				CONFIGURATION_BUILD_DIR = "$(SRCROOT)/.local/build/$(CONFIGURATION)";
				CURRENT_PROJECT_VERSION = 1;
				GENERATE_INFOPLIST_FILE = YES;
				MACOSX_DEPLOYMENT_TARGET = 14.0;
				MARKETING_VERSION = 0.1.0;
				PRODUCT_BUNDLE_IDENTIFIER = dev.caret.hackathon.tests;
				PRODUCT_NAME = "$(TARGET_NAME)";
				SWIFT_VERSION = 5.0;
			};
			name = Release;
		};
/* End XCBuildConfiguration section */

/* Begin XCConfigurationList section */
		B10000000000000000000006 /* Build configuration list for PBXProject "Caret" */ = {
			isa = XCConfigurationList;
			buildConfigurations = (
				B10000000000000000000008 /* Debug */,
				B10000000000000000000009 /* Release */,
			);
			defaultConfigurationIsVisible = 0;
			defaultConfigurationName = Release;
		};
		B10000000000000000000007 /* Build configuration list for PBXNativeTarget "Caret" */ = {
			isa = XCConfigurationList;
			buildConfigurations = (
				B1000000000000000000000A /* Debug */,
				B1000000000000000000000B /* Release */,
			);
			defaultConfigurationIsVisible = 0;
			defaultConfigurationName = Release;
		};
		B10000000000000000000037 /* Build configuration list for PBXNativeTarget "CaretTests" */ = {
			isa = XCConfigurationList;
			buildConfigurations = (
				B10000000000000000000038 /* Debug */,
				B10000000000000000000039 /* Release */,
			);
			defaultConfigurationIsVisible = 0;
			defaultConfigurationName = Release;
		};
/* End XCConfigurationList section */

	};
	rootObject = B10000000000000000000001 /* Project object */;
}
